
Microsoft Visual Studio Solution File, Format Version 12.00
# Visual Studio Version 17
VisualStudioVersion = 17.9.34902.65
MinimumVisualStudioVersion = 10.0.40219.1
Project("{FAE04EC0-301F-11D3-BF4B-00C04F79EFBC}") = "EsercizioDay4", "EsercizioDay4\EsercizioDay4.csproj", "{AFD0289C-E460-4C79-946B-824B80BABC18}"
EndProject
Global
	GlobalSection(SolutionConfigurationPlatforms) = preSolution
		Debug|Any CPU = Debug|Any CPU
		Release|Any CPU = Release|Any CPU
	EndGlobalSection
	GlobalSection(ProjectConfigurationPlatforms) = postSolution
		{AFD0289C-E460-4C79-946B-824B80BABC18}.Debug|Any CPU.ActiveCfg = Debug|Any CPU
		{AFD0289C-E460-4C79-946B-824B80BABC18}.Debug|Any CPU.Build.0 = Debug|Any CPU
		{AFD0289C-E460-4C79-946B-824B80BABC18}.Release|Any CPU.ActiveCfg = Release|Any CPU
		{AFD0289C-E460-4C79-946B-824B80BABC18}.Release|Any CPU.Build.0 = Release|Any CPU
	EndGlobalSection
	GlobalSection(SolutionProperties) = preSolution
		HideSolutionNode = FALSE
	EndGlobalSection
	GlobalSection(ExtensibilityGlobals) = postSolution
		SolutionGuid = {BEDF20F0-4345-40E7-A11C-326D27CD7477}
	EndGlobalSection
EndGlobal
